// !$*UTF8*$!
{
	archiveVersion = 1;
	classes = {
	};
	objectVersion = 56;
	objects = {

/* Begin PBXBuildFile section */
		6A0DEEF72A1A93D100346391 /* FinderAppApp.swift in Sources */ = {isa = PBXBuildFile; fileRef = 6A0DEEF62A1A93D100346391 /* FinderAppApp.swift */; };
		6A0DEEF92A1A93D100346391 /* ContentView.swift in Sources */ = {isa = PBXBuildFile; fileRef = 6A0DEEF82A1A93D100346391 /* ContentView.swift */; };
		6A0DEEFB2A1A93D200346391 /* Assets.xcassets in Resources */ = {isa = PBXBuildFile; fileRef = 6A0DEEFA2A1A93D200346391 /* Assets.xcassets */; };
		6A0DEEFE2A1A93D200346391 /* Preview Assets.xcassets in Resources */ = {isa = PBXBuildFile; fileRef = 6A0DEEFD2A1A93D200346391 /* Preview Assets.xcassets */; };
		6A0DEF082A1A93D200346391 /* FinderAppTests.swift in Sources */ = {isa = PBXBuildFile; fileRef = 6A0DEF072A1A93D200346391 /* FinderAppTests.swift */; };
		6A0DEF122A1A93D200346391 /* FinderAppUITests.swift in Sources */ = {isa = PBXBuildFile; fileRef = 6A0DEF112A1A93D200346391 /* FinderAppUITests.swift */; };
		6A0DEF142A1A93D200346391 /* FinderAppUITestsLaunchTests.swift in Sources */ = {isa = PBXBuildFile; fileRef = 6A0DEF132A1A93D200346391 /* FinderAppUITestsLaunchTests.swift */; };
/* End PBXBuildFile section */

/* Begin PBXContainerItemProxy section */
		6A0DEF042A1A93D200346391 /* PBXContainerItemProxy */ = {
			isa = PBXContainerItemProxy;
			containerPortal = 6A0DEEEB2A1A93D100346391 /* Project object */;
			proxyType = 1;
			remoteGlobalIDString = 6A0DEEF22A1A93D100346391;
			remoteInfo = FinderApp;
		};
		6A0DEF0E2A1A93D200346391 /* PBXContainerItemProxy */ = {
			isa = PBXContainerItemProxy;
			containerPortal = 6A0DEEEB2A1A93D100346391 /* Project object */;
			proxyType = 1;
			remoteGlobalIDString = 6A0DEEF22A1A93D100346391;
			remoteInfo = FinderApp;
		};
/* End PBXContainerItemProxy section */

/* Begin PBXFileReference section */
		6A0DEEF32A1A93D100346391 /* FinderApp.app */ = {isa = PBXFileReference; explicitFileType = wrapper.application; includeInIndex = 0; path = FinderApp.app; sourceTree = BUILT_PRODUCTS_DIR; };
		6A0DEEF62A1A93D100346391 /* FinderAppApp.swift */ = {isa = PBXFileReference; lastKnownFileType = sourcecode.swift; path = FinderAppApp.swift; sourceTree = "<group>"; };
		6A0DEEF82A1A93D100346391 /* ContentView.swift */ = {isa = PBXFileReference; lastKnownFileType = sourcecode.swift; path = ContentView.swift; sourceTree = "<group>"; };
		6A0DEEFA2A1A93D200346391 /* Assets.xcassets */ = {isa = PBXFileReference; lastKnownFileType = folder.assetcatalog; path = Assets.xcassets; sourceTree = "<group>"; };
		6A0DEEFD2A1A93D200346391 /* Preview Assets.xcassets */ = {isa = PBXFileReference; lastKnownFileType = folder.assetcatalog; path = "Preview Assets.xcassets"; sourceTree = "<group>"; };
		6A0DEF032A1A93D200346391 /* FinderAppTests.xctest */ = {isa = PBXFileReference; explicitFileType = wrapper.cfbundle; includeInIndex = 0; path = FinderAppTests.xctest; sourceTree = BUILT_PRODUCTS_DIR; };
		6A0DEF072A1A93D200346391 /* FinderAppTests.swift */ = {isa = PBXFileReference; lastKnownFileType = sourcecode.swift; path = FinderAppTests.swift; sourceTree = "<group>"; };
		6A0DEF0D2A1A93D200346391 /* FinderAppUITests.xctest */ = {isa = PBXFileReference; explicitFileType = wrapper.cfbundle; includeInIndex = 0; path = FinderAppUITests.xctest; sourceTree = BUILT_PRODUCTS_DIR; };
		6A0DEF112A1A93D200346391 /* FinderAppUITests.swift */ = {isa = PBXFileReference; lastKnownFileType = sourcecode.swift; path = FinderAppUITests.swift; sourceTree = "<group>"; };
		6A0DEF132A1A93D200346391 /* FinderAppUITestsLaunchTests.swift */ = {isa = PBXFileReference; lastKnownFileType = sourcecode.swift; path = FinderAppUITestsLaunchTests.swift; sourceTree = "<group>"; };
/* End PBXFileReference section */

/* Begin PBXFrameworksBuildPhase section */
		6A0DEEF02A1A93D100346391 /* Frameworks */ = {
			isa = PBXFrameworksBuildPhase;
			buildActionMask = 2147483647;
			files = (
			);
			runOnlyForDeploymentPostprocessing = 0;
		};
		6A0DEF002A1A93D200346391 /* Frameworks */ = {
			isa = PBXFrameworksBuildPhase;
			buildActionMask = 2147483647;
			files = (
			);
			runOnlyForDeploymentPostprocessing = 0;
		};
		6A0DEF0A2A1A93D200346391 /* Frameworks */ = {
			isa = PBXFrameworksBuildPhase;
			buildActionMask = 2147483647;
			files = (
			);
			runOnlyForDeploymentPostprocessing = 0;
		};
/* End PBXFrameworksBuildPhase section */

/* Begin PBXGroup section */
		6A0DEEEA2A1A93D100346391 = {
			isa = PBXGroup;
			children = (
				6A0DEEF52A1A93D100346391 /* FinderApp */,
				6A0DEF062A1A93D200346391 /* FinderAppTests */,
				6A0DEF102A1A93D200346391 /* FinderAppUITests */,
				6A0DEEF42A1A93D100346391 /* Products */,
			);
			sourceTree = "<group>";
		};
		6A0DEEF42A1A93D100346391 /* Products */ = {
			isa = PBXGroup;
			children = (
				6A0DEEF32A1A93D100346391 /* FinderApp.app */,
				6A0DEF032A1A93D200346391 /* FinderAppTests.xctest */,
				6A0DEF0D2A1A93D200346391 /* FinderAppUITests.xctest */,
			);
			name = Products;
			sourceTree = "<group>";
		};
		6A0DEEF52A1A93D100346391 /* FinderApp */ = {
			isa = PBXGroup;
			children = (
				6A0DEEF62A1A93D100346391 /* FinderAppApp.swift */,
				6A0DEEF82A1A93D100346391 /* ContentView.swift */,
				6A0DEEFA2A1A93D200346391 /* Assets.xcassets */,
				6A0DEEFC2A1A93D200346391 /* Preview Content */,
			);
			path = FinderApp;
			sourceTree = "<group>";
		};
		6A0DEEFC2A1A93D200346391 /* Preview Content */ = {
			isa = PBXGroup;
			children = (
				6A0DEEFD2A1A93D200346391 /* Preview Assets.xcassets */,
			);
			path = "Preview Content";
			sourceTree = "<group>";
		};
		6A0DEF062A1A93D200346391 /* FinderAppTests */ = {
			isa = PBXGroup;
			children = (
				6A0DEF072A1A93D200346391 /* FinderAppTests.swift */,
			);
			path = FinderAppTests;
			sourceTree = "<group>";
		};
		6A0DEF102A1A93D200346391 /* FinderAppUITests */ = {
			isa = PBXGroup;
			children = (
				6A0DEF112A1A93D200346391 /* FinderAppUITests.swift */,
				6A0DEF132A1A93D200346391 /* FinderAppUITestsLaunchTests.swift */,
			);
			path = FinderAppUITests;
			sourceTree = "<group>";
		};
/* End PBXGroup section */

/* Begin PBXNativeTarget section */
		6A0DEEF22A1A93D100346391 /* FinderApp */ = {
			isa = PBXNativeTarget;
			buildConfigurationList = 6A0DEF172A1A93D200346391 /* Build configuration list for PBXNativeTarget "FinderApp" */;
			buildPhases = (
				6A0DEEEF2A1A93D100346391 /* Sources */,
				6A0DEEF02A1A93D100346391 /* Frameworks */,
				6A0DEEF12A1A93D100346391 /* Resources */,
			);
			buildRules = (
			);
			dependencies = (
			);
			name = FinderApp;
			productName = FinderApp;
			productReference = 6A0DEEF32A1A93D100346391 /* FinderApp.app */;
			productType = "com.apple.product-type.application";
		};
		6A0DEF022A1A93D200346391 /* FinderAppTests */ = {
			isa = PBXNativeTarget;
			buildConfigurationList = 6A0DEF1A2A1A93D200346391 /* Build configuration list for PBXNativeTarget "FinderAppTests" */;
			buildPhases = (
				6A0DEEFF2A1A93D200346391 /* Sources */,
				6A0DEF002A1A93D200346391 /* Frameworks */,
				6A0DEF012A1A93D200346391 /* Resources */,
			);
			buildRules = (
			);
			dependencies = (
				6A0DEF052A1A93D200346391 /* PBXTargetDependency */,
			);
			name = FinderAppTests;
			productName = FinderAppTests;
			productReference = 6A0DEF032A1A93D200346391 /* FinderAppTests.xctest */;
			productType = "com.apple.product-type.bundle.unit-test";
		};
		6A0DEF0C2A1A93D200346391 /* FinderAppUITests */ = {
			isa = PBXNativeTarget;
			buildConfigurationList = 6A0DEF1D2A1A93D200346391 /* Build configuration list for PBXNativeTarget "FinderAppUITests" */;
			buildPhases = (
				6A0DEF092A1A93D200346391 /* Sources */,
				6A0DEF0A2A1A93D200346391 /* Frameworks */,
				6A0DEF0B2A1A93D200346391 /* Resources */,
			);
			buildRules = (
			);
			dependencies = (
				6A0DEF0F2A1A93D200346391 /* PBXTargetDependency */,
			);
			name = FinderAppUITests;
			productName = FinderAppUITests;
			productReference = 6A0DEF0D2A1A93D200346391 /* FinderAppUITests.xctest */;
			productType = "com.apple.product-type.bundle.ui-testing";
		};
/* End PBXNativeTarget section */

/* Begin PBXProject section */
		6A0DEEEB2A1A93D100346391 /* Project object */ = {
			isa = PBXProject;
			attributes = {
				BuildIndependentTargetsInParallel = 1;
				LastSwiftUpdateCheck = 1420;
				LastUpgradeCheck = 1420;
				TargetAttributes = {
					6A0DEEF22A1A93D100346391 = {
						CreatedOnToolsVersion = 14.2;
					};
					6A0DEF022A1A93D200346391 = {
						CreatedOnToolsVersion = 14.2;
						TestTargetID = 6A0DEEF22A1A93D100346391;
					};
					6A0DEF0C2A1A93D200346391 = {
						CreatedOnToolsVersion = 14.2;
						TestTargetID = 6A0DEEF22A1A93D100346391;
					};
				};
			};
			buildConfigurationList = 6A0DEEEE2A1A93D100346391 /* Build configuration list for PBXProject "FinderApp" */;
			compatibilityVersion = "Xcode 14.0";
			developmentRegion = en;
			hasScannedForEncodings = 0;
			knownRegions = (
				en,
				Base,
			);
			mainGroup = 6A0DEEEA2A1A93D100346391;
			productRefGroup = 6A0DEEF42A1A93D100346391 /* Products */;
			projectDirPath = "";
			projectRoot = "";
			targets = (
				6A0DEEF22A1A93D100346391 /* FinderApp */,
				6A0DEF022A1A93D200346391 /* FinderAppTests */,
				6A0DEF0C2A1A93D200346391 /* FinderAppUITests */,
			);
		};
/* End PBXProject section */

/* Begin PBXResourcesBuildPhase section */
		6A0DEEF12A1A93D100346391 /* Resources */ = {
			isa = PBXResourcesBuildPhase;
			buildActionMask = 2147483647;
			files = (
				6A0DEEFE2A1A93D200346391 /* Preview Assets.xcassets in Resources */,
				6A0DEEFB2A1A93D200346391 /* Assets.xcassets in Resources */,
			);
			runOnlyForDeploymentPostprocessing = 0;
		};
		6A0DEF012A1A93D200346391 /* Resources */ = {
			isa = PBXResourcesBuildPhase;
			buildActionMask = 2147483647;
			files = (
			);
			runOnlyForDeploymentPostprocessing = 0;
		};
		6A0DEF0B2A1A93D200346391 /* Resources */ = {
			isa = PBXResourcesBuildPhase;
			buildActionMask = 2147483647;
			files = (
			);
			runOnlyForDeploymentPostprocessing = 0;
		};
/* End PBXResourcesBuildPhase section */

/* Begin PBXSourcesBuildPhase section */
		6A0DEEEF2A1A93D100346391 /* Sources */ = {
			isa = PBXSourcesBuildPhase;
			buildActionMask = 2147483647;
			files = (
				6A0DEEF92A1A93D100346391 /* ContentView.swift in Sources */,
				6A0DEEF72A1A93D100346391 /* FinderAppApp.swift in Sources */,
			);
			runOnlyForDeploymentPostprocessing = 0;
		};
		6A0DEEFF2A1A93D200346391 /* Sources */ = {
			isa = PBXSourcesBuildPhase;
			buildActionMask = 2147483647;
			files = (
				6A0DEF082A1A93D200346391 /* FinderAppTests.swift in Sources */,
			);
			runOnlyForDeploymentPostprocessing = 0;
		};
		6A0DEF092A1A93D200346391 /* Sources */ = {
			isa = PBXSourcesBuildPhase;
			buildActionMask = 2147483647;
			files = (
				6A0DEF142A1A93D200346391 /* FinderAppUITestsLaunchTests.swift in Sources */,
				6A0DEF122A1A93D200346391 /* FinderAppUITests.swift in Sources */,
			);
			runOnlyForDeploymentPostprocessing = 0;
		};
/* End PBXSourcesBuildPhase section */

/* Begin PBXTargetDependency section */
		6A0DEF052A1A93D200346391 /* PBXTargetDependency */ = {
			isa = PBXTargetDependency;
			target = 6A0DEEF22A1A93D100346391 /* FinderApp */;
			targetProxy = 6A0DEF042A1A93D200346391 /* PBXContainerItemProxy */;
		};
		6A0DEF0F2A1A93D200346391 /* PBXTargetDependency */ = {
			isa = PBXTargetDependency;
			target = 6A0DEEF22A1A93D100346391 /* FinderApp */;
			targetProxy = 6A0DEF0E2A1A93D200346391 /* PBXContainerItemProxy */;
		};
/* End PBXTargetDependency section */

/* Begin XCBuildConfiguration section */
		6A0DEF152A1A93D200346391 /* Debug */ = {
			isa = XCBuildConfiguration;
			buildSettings = {
				ALWAYS_SEARCH_USER_PATHS = NO;
				CLANG_ANALYZER_NONNULL = YES;
				CLANG_ANALYZER_NUMBER_OBJECT_CONVERSION = YES_AGGRESSIVE;
				CLANG_CXX_LANGUAGE_STANDARD = "gnu++20";
				CLANG_ENABLE_MODULES = YES;
				CLANG_ENABLE_OBJC_ARC = YES;
				CLANG_ENABLE_OBJC_WEAK = YES;
				CLANG_WARN_BLOCK_CAPTURE_AUTORELEASING = YES;
				CLANG_WARN_BOOL_CONVERSION = YES;
				CLANG_WARN_COMMA = YES;
				CLANG_WARN_CONSTANT_CONVERSION = YES;
				CLANG_WARN_DEPRECATED_OBJC_IMPLEMENTATIONS = YES;
				CLANG_WARN_DIRECT_OBJC_ISA_USAGE = YES_ERROR;
				CLANG_WARN_DOCUMENTATION_COMMENTS = YES;
				CLANG_WARN_EMPTY_BODY = YES;
				CLANG_WARN_ENUM_CONVERSION = YES;
				CLANG_WARN_INFINITE_RECURSION = YES;
				CLANG_WARN_INT_CONVERSION = YES;
				CLANG_WARN_NON_LITERAL_NULL_CONVERSION = YES;
				CLANG_WARN_OBJC_IMPLICIT_RETAIN_SELF = YES;
				CLANG_WARN_OBJC_LITERAL_CONVERSION = YES;
				CLANG_WARN_OBJC_ROOT_CLASS = YES_ERROR;
				CLANG_WARN_QUOTED_INCLUDE_IN_FRAMEWORK_HEADER = YES;
				CLANG_WARN_RANGE_LOOP_ANALYSIS = YES;
				CLANG_WARN_STRICT_PROTOTYPES = YES;
				CLANG_WARN_SUSPICIOUS_MOVE = YES;
				CLANG_WARN_UNGUARDED_AVAILABILITY = YES_AGGRESSIVE;
				CLANG_WARN_UNREACHABLE_CODE = YES;
				CLANG_WARN__DUPLICATE_METHOD_MATCH = YES;
				COPY_PHASE_STRIP = NO;
				DEBUG_INFORMATION_FORMAT = dwarf;
				ENABLE_STRICT_OBJC_MSGSEND = YES;
				ENABLE_TESTABILITY = YES;
				GCC_C_LANGUAGE_STANDARD = gnu11;
				GCC_DYNAMIC_NO_PIC = NO;
				GCC_NO_COMMON_BLOCKS = YES;
				GCC_OPTIMIZATION_LEVEL = 0;
				GCC_PREPROCESSOR_DEFINITIONS = (
					"DEBUG=1",
					"$(inherited)",
				);
				GCC_WARN_64_TO_32_BIT_CONVERSION = YES;
				GCC_WARN_ABOUT_RETURN_TYPE = YES_ERROR;
				GCC_WARN_UNDECLARED_SELECTOR = YES;
				GCC_WARN_UNINITIALIZED_AUTOS = YES_AGGRESSIVE;
				GCC_WARN_UNUSED_FUNCTION = YES;
				GCC_WARN_UNUSED_VARIABLE = YES;
				IPHONEOS_DEPLOYMENT_TARGET = 16.2;
				MTL_ENABLE_DEBUG_INFO = INCLUDE_SOURCE;
				MTL_FAST_MATH = YES;
				ONLY_ACTIVE_ARCH = YES;
				SDKROOT = iphoneos;
				SWIFT_ACTIVE_COMPILATION_CONDITIONS = DEBUG;
				SWIFT_OPTIMIZATION_LEVEL = "-Onone";
			};
			name = Debug;
		};
		6A0DEF162A1A93D200346391 /* Release */ = {
			isa = XCBuildConfiguration;
			buildSettings = {
				ALWAYS_SEARCH_USER_PATHS = NO;
				CLANG_ANALYZER_NONNULL = YES;
				CLANG_ANALYZER_NUMBER_OBJECT_CONVERSION = YES_AGGRESSIVE;
				CLANG_CXX_LANGUAGE_STANDARD = "gnu++20";
				CLANG_ENABLE_MODULES = YES;
				CLANG_ENABLE_OBJC_ARC = YES;
				CLANG_ENABLE_OBJC_WEAK = YES;
				CLANG_WARN_BLOCK_CAPTURE_AUTORELEASING = YES;
				CLANG_WARN_BOOL_CONVERSION = YES;
				CLANG_WARN_COMMA = YES;
				CLANG_WARN_CONSTANT_CONVERSION = YES;
				CLANG_WARN_DEPRECATED_OBJC_IMPLEMENTATIONS = YES;
				CLANG_WARN_DIRECT_OBJC_ISA_USAGE = YES_ERROR;
				CLANG_WARN_DOCUMENTATION_COMMENTS = YES;
				CLANG_WARN_EMPTY_BODY = YES;
				CLANG_WARN_ENUM_CONVERSION = YES;
				CLANG_WARN_INFINITE_RECURSION = YES;
				CLANG_WARN_INT_CONVERSION = YES;
				CLANG_WARN_NON_LITERAL_NULL_CONVERSION = YES;
				CLANG_WARN_OBJC_IMPLICIT_RETAIN_SELF = YES;
				CLANG_WARN_OBJC_LITERAL_CONVERSION = YES;
				CLANG_WARN_OBJC_ROOT_CLASS = YES_ERROR;
				CLANG_WARN_QUOTED_INCLUDE_IN_FRAMEWORK_HEADER = YES;
				CLANG_WARN_RANGE_LOOP_ANALYSIS = YES;
				CLANG_WARN_STRICT_PROTOTYPES = YES;
				CLANG_WARN_SUSPICIOUS_MOVE = YES;
				CLANG_WARN_UNGUARDED_AVAILABILITY = YES_AGGRESSIVE;
				CLANG_WARN_UNREACHABLE_CODE = YES;
				CLANG_WARN__DUPLICATE_METHOD_MATCH = YES;
				COPY_PHASE_STRIP = NO;
				DEBUG_INFORMATION_FORMAT = "dwarf-with-dsym";
				ENABLE_NS_ASSERTIONS = NO;
				ENABLE_STRICT_OBJC_MSGSEND = YES;
				GCC_C_LANGUAGE_STANDARD = gnu11;
				GCC_NO_COMMON_BLOCKS = YES;
				GCC_WARN_64_TO_32_BIT_CONVERSION = YES;
				GCC_WARN_ABOUT_RETURN_TYPE = YES_ERROR;
				GCC_WARN_UNDECLARED_SELECTOR = YES;
				GCC_WARN_UNINITIALIZED_AUTOS = YES_AGGRESSIVE;
				GCC_WARN_UNUSED_FUNCTION = YES;
				GCC_WARN_UNUSED_VARIABLE = YES;
				IPHONEOS_DEPLOYMENT_TARGET = 16.2;
				MTL_ENABLE_DEBUG_INFO = NO;
				MTL_FAST_MATH = YES;
				SDKROOT = iphoneos;
				SWIFT_COMPILATION_MODE = wholemodule;
				SWIFT_OPTIMIZATION_LEVEL = "-O";
				VALIDATE_PRODUCT = YES;
			};
			name = Release;
		};
		6A0DEF182A1A93D200346391 /* Debug */ = {
			isa = XCBuildConfiguration;
			buildSettings = {
				ASSETCATALOG_COMPILER_APPICON_NAME = AppIcon;
				ASSETCATALOG_COMPILER_GLOBAL_ACCENT_COLOR_NAME = AccentColor;
				CODE_SIGN_STYLE = Automatic;
				CURRENT_PROJECT_VERSION = 1;
				DEVELOPMENT_ASSET_PATHS = "\"FinderApp/Preview Content\"";
				DEVELOPMENT_TEAM = 9PCQ5XC84W;
				ENABLE_PREVIEWS = YES;
				GENERATE_INFOPLIST_FILE = YES;
				INFOPLIST_KEY_UIApplicationSceneManifest_Generation = YES;
				INFOPLIST_KEY_UIApplicationSupportsIndirectInputEvents = YES;
				INFOPLIST_KEY_UILaunchScreen_Generation = YES;
				INFOPLIST_KEY_UISupportedInterfaceOrientations_iPad = "UIInterfaceOrientationPortrait UIInterfaceOrientationPortraitUpsideDown UIInterfaceOrientationLandscapeLeft UIInterfaceOrientationLandscapeRight";
				INFOPLIST_KEY_UISupportedInterfaceOrientations_iPhone = "UIInterfaceOrientationPortrait UIInterfaceOrientationLandscapeLeft UIInterfaceOrientationLandscapeRight";
				LD_RUNPATH_SEARCH_PATHS = (
					"$(inherited)",
					"@executable_path/Frameworks",
				);
				MARKETING_VERSION = 1.0;
				PRODUCT_BUNDLE_IDENTIFIER = io.github.mustafos.FinderApp;
				PRODUCT_NAME = "$(TARGET_NAME)";
				SWIFT_EMIT_LOC_STRINGS = YES;
				SWIFT_VERSION = 5.0;
				TARGETED_DEVICE_FAMILY = "1,2";
			};
			name = Debug;
		};
		6A0DEF192A1A93D200346391 /* Release */ = {
			isa = XCBuildConfiguration;
			buildSettings = {
				ASSETCATALOG_COMPILER_APPICON_NAME = AppIcon;
				ASSETCATALOG_COMPILER_GLOBAL_ACCENT_COLOR_NAME = AccentColor;
				CODE_SIGN_STYLE = Automatic;
				CURRENT_PROJECT_VERSION = 1;
				DEVELOPMENT_ASSET_PATHS = "\"FinderApp/Preview Content\"";
				DEVELOPMENT_TEAM = 9PCQ5XC84W;
				ENABLE_PREVIEWS = YES;
				GENERATE_INFOPLIST_FILE = YES;
				INFOPLIST_KEY_UIApplicationSceneManifest_Generation = YES;
				INFOPLIST_KEY_UIApplicationSupportsIndirectInputEvents = YES;
				INFOPLIST_KEY_UILaunchScreen_Generation = YES;
				INFOPLIST_KEY_UISupportedInterfaceOrientations_iPad = "UIInterfaceOrientationPortrait UIInterfaceOrientationPortraitUpsideDown UIInterfaceOrientationLandscapeLeft UIInterfaceOrientationLandscapeRight";
				INFOPLIST_KEY_UISupportedInterfaceOrientations_iPhone = "UIInterfaceOrientationPortrait UIInterfaceOrientationLandscapeLeft UIInterfaceOrientationLandscapeRight";
				LD_RUNPATH_SEARCH_PATHS = (
					"$(inherited)",
					"@executable_path/Frameworks",
				);
				MARKETING_VERSION = 1.0;
				PRODUCT_BUNDLE_IDENTIFIER = io.github.mustafos.FinderApp;
				PRODUCT_NAME = "$(TARGET_NAME)";
				SWIFT_EMIT_LOC_STRINGS = YES;
				SWIFT_VERSION = 5.0;
				TARGETED_DEVICE_FAMILY = "1,2";
			};
			name = Release;
		};
		6A0DEF1B2A1A93D200346391 /* Debug */ = {
			isa = XCBuildConfiguration;
			buildSettings = {
				ALWAYS_EMBED_SWIFT_STANDARD_LIBRARIES = YES;
				BUNDLE_LOADER = "$(TEST_HOST)";
				CODE_SIGN_STYLE = Automatic;
				CURRENT_PROJECT_VERSION = 1;
				DEVELOPMENT_TEAM = 9PCQ5XC84W;
				GENERATE_INFOPLIST_FILE = YES;
				IPHONEOS_DEPLOYMENT_TARGET = 16.2;
				MARKETING_VERSION = 1.0;
				PRODUCT_BUNDLE_IDENTIFIER = io.github.mustafos.FinderAppTests;
				PRODUCT_NAME = "$(TARGET_NAME)";
				SWIFT_EMIT_LOC_STRINGS = NO;
				SWIFT_VERSION = 5.0;
				TARGETED_DEVICE_FAMILY = "1,2";
				TEST_HOST = "$(BUILT_PRODUCTS_DIR)/FinderApp.app/$(BUNDLE_EXECUTABLE_FOLDER_PATH)/FinderApp";
			};
			name = Debug;
		};
		6A0DEF1C2A1A93D200346391 /* Release */ = {
			isa = XCBuildConfiguration;
			buildSettings = {
				ALWAYS_EMBED_SWIFT_STANDARD_LIBRARIES = YES;
				BUNDLE_LOADER = "$(TEST_HOST)";
				CODE_SIGN_STYLE = Automatic;
				CURRENT_PROJECT_VERSION = 1;
				DEVELOPMENT_TEAM = 9PCQ5XC84W;
				GENERATE_INFOPLIST_FILE = YES;
				IPHONEOS_DEPLOYMENT_TARGET = 16.2;
				MARKETING_VERSION = 1.0;
				PRODUCT_BUNDLE_IDENTIFIER = io.github.mustafos.FinderAppTests;
				PRODUCT_NAME = "$(TARGET_NAME)";
				SWIFT_EMIT_LOC_STRINGS = NO;
				SWIFT_VERSION = 5.0;
				TARGETED_DEVICE_FAMILY = "1,2";
				TEST_HOST = "$(BUILT_PRODUCTS_DIR)/FinderApp.app/$(BUNDLE_EXECUTABLE_FOLDER_PATH)/FinderApp";
			};
			name = Release;
		};
		6A0DEF1E2A1A93D200346391 /* Debug */ = {
			isa = XCBuildConfiguration;
			buildSettings = {
				ALWAYS_EMBED_SWIFT_STANDARD_LIBRARIES = YES;
				CODE_SIGN_STYLE = Automatic;
				CURRENT_PROJECT_VERSION = 1;
				DEVELOPMENT_TEAM = 9PCQ5XC84W;
				GENERATE_INFOPLIST_FILE = YES;
				MARKETING_VERSION = 1.0;
				PRODUCT_BUNDLE_IDENTIFIER = io.github.mustafos.FinderAppUITests;
				PRODUCT_NAME = "$(TARGET_NAME)";
				SWIFT_EMIT_LOC_STRINGS = NO;
				SWIFT_VERSION = 5.0;
				TARGETED_DEVICE_FAMILY = "1,2";
				TEST_TARGET_NAME = FinderApp;
			};
			name = Debug;
		};
		6A0DEF1F2A1A93D200346391 /* Release */ = {
			isa = XCBuildConfiguration;
			buildSettings = {
				ALWAYS_EMBED_SWIFT_STANDARD_LIBRARIES = YES;
				CODE_SIGN_STYLE = Automatic;
				CURRENT_PROJECT_VERSION = 1;
				DEVELOPMENT_TEAM = 9PCQ5XC84W;
				GENERATE_INFOPLIST_FILE = YES;
				MARKETING_VERSION = 1.0;
				PRODUCT_BUNDLE_IDENTIFIER = io.github.mustafos.FinderAppUITests;
				PRODUCT_NAME = "$(TARGET_NAME)";
				SWIFT_EMIT_LOC_STRINGS = NO;
				SWIFT_VERSION = 5.0;
				TARGETED_DEVICE_FAMILY = "1,2";
				TEST_TARGET_NAME = FinderApp;
			};
			name = Release;
		};
/* End XCBuildConfiguration section */

/* Begin XCConfigurationList section */
		6A0DEEEE2A1A93D100346391 /* Build configuration list for PBXProject "FinderApp" */ = {
			isa = XCConfigurationList;
			buildConfigurations = (
				6A0DEF152A1A93D200346391 /* Debug */,
				6A0DEF162A1A93D200346391 /* Release */,
			);
			defaultConfigurationIsVisible = 0;
			defaultConfigurationName = Release;
		};
		6A0DEF172A1A93D200346391 /* Build configuration list for PBXNativeTarget "FinderApp" */ = {
			isa = XCConfigurationList;
			buildConfigurations = (
				6A0DEF182A1A93D200346391 /* Debug */,
				6A0DEF192A1A93D200346391 /* Release */,
			);
			defaultConfigurationIsVisible = 0;
			defaultConfigurationName = Release;
		};
		6A0DEF1A2A1A93D200346391 /* Build configuration list for PBXNativeTarget "FinderAppTests" */ = {
			isa = XCConfigurationList;
			buildConfigurations = (
				6A0DEF1B2A1A93D200346391 /* Debug */,
				6A0DEF1C2A1A93D200346391 /* Release */,
			);
			defaultConfigurationIsVisible = 0;
			defaultConfigurationName = Release;
		};
		6A0DEF1D2A1A93D200346391 /* Build configuration list for PBXNativeTarget "FinderAppUITests" */ = {
			isa = XCConfigurationList;
			buildConfigurations = (
				6A0DEF1E2A1A93D200346391 /* Debug */,
				6A0DEF1F2A1A93D200346391 /* Release */,
			);
			defaultConfigurationIsVisible = 0;
			defaultConfigurationName = Release;
		};
/* End XCConfigurationList section */
	};
	rootObject = 6A0DEEEB2A1A93D100346391 /* Project object */;
}
